
Microsoft Visual Studio Solution File, Format Version 12.00
# Visual Studio Version 17
VisualStudioVersion = 17.5.33414.496
MinimumVisualStudioVersion = 10.0.40219.1
Project("{9A19103F-16F7-4668-BE54-9A1E7A4F7556}") = "Net.Elendia.DarkSight", "Net.Elendia.DarkSight\Net.Elendia.DarkSight.csproj", "{93FADA6E-363E-4338-A7B1-6F7B060CC589}"
EndProject
Global
	GlobalSection(SolutionConfigurationPlatforms) = preSolution
		Debug|Any CPU = Debug|Any CPU
		Release|Any CPU = Release|Any CPU
	EndGlobalSection
	GlobalSection(ProjectConfigurationPlatforms) = postSolution
		{93FADA6E-363E-4338-A7B1-6F7B060CC589}.Debug|Any CPU.ActiveCfg = Debug|Any CPU
		{93FADA6E-363E-4338-A7B1-6F7B060CC589}.Debug|Any CPU.Build.0 = Debug|Any CPU
		{93FADA6E-363E-4338-A7B1-6F7B060CC589}.Release|Any CPU.ActiveCfg = Release|Any CPU
		{93FADA6E-363E-4338-A7B1-6F7B060CC589}.Release|Any CPU.Build.0 = Release|Any CPU
	EndGlobalSection
	GlobalSection(SolutionProperties) = preSolution
		HideSolutionNode = FALSE
	EndGlobalSection
	GlobalSection(ExtensibilityGlobals) = postSolution
		SolutionGuid = {199E1115-3DC5-4053-AE7D-1BB268FF8008}
	EndGlobalSection
EndGlobal
